# THIS IS AN AUTOGENERATED FILE. DO NOT EDIT THIS FILE DIRECTLY.
# yarn lockfile v1


extend@3.0.2:
  version "3.0.2"
  resolved "https://registry.yarnpkg.com/extend/-/extend-3.0.2.tgz#f8b1136b4071fbd8eb140aff858b1019ec2915fa"
  integrity sha512-fjquC59cD7CyW6urNXK0FBufkZcoiGG80wTuPujX590cB5Ttln20E2UB4S/WARVqhXffZl2LNgS+gQdPIIim/g==

markdown-table@^1.1.2:
  version "1.1.2"
  resolved "https://registry.yarnpkg.com/markdown-table/-/markdown-table-1.1.2.tgz#c78db948fa879903a41bce522e3b96f801c63786"
  integrity sha512-NcWuJFHDA8V3wkDgR/j4+gZx+YQwstPgfQDV8ndUeWWzta3dnDTBxpVzqS9lkmJAuV5YX35lmyojl6HO5JXAgw==

mdn-browser-compat-data@^0.0.78:
  version "0.0.78"
  resolved "https://registry.yarnpkg.com/mdn-browser-compat-data/-/mdn-browser-compat-data-0.0.78.tgz#e15b5f4f9034825d85c712f9f640813c57ecffda"
  integrity sha512-1Ez+1E0Z3kwoZ+RgmB1BLlj+nSJxeZuZxIWymnm9kbAEW92pgARVX+yxgKtyHg/UsLost5dt8IitQU4AQDzifw==
  dependencies:
    extend "3.0.2"
